
Microsoft Visual Studio Solution File, Format Version 12.00
# Visual Studio Version 17
VisualStudioVersion = 17.7.34018.315
MinimumVisualStudioVersion = 10.0.40219.1
Project("{FAE04EC0-301F-11D3-BF4B-00C04F79EFBC}") = "ConsoleApp1", "ConsoleApp1\ConsoleApp1.csproj", "{81AAA7B4-990B-42BC-BF4F-843B5C7C18D4}"
EndProject
Global
	GlobalSection(SolutionConfigurationPlatforms) = preSolution
		Debug|Any CPU = Debug|Any CPU
		Release|Any CPU = Release|Any CPU
	EndGlobalSection
	GlobalSection(ProjectConfigurationPlatforms) = postSolution
		{81AAA7B4-990B-42BC-BF4F-843B5C7C18D4}.Debug|Any CPU.ActiveCfg = Debug|Any CPU
		{81AAA7B4-990B-42BC-BF4F-843B5C7C18D4}.Debug|Any CPU.Build.0 = Debug|Any CPU
		{81AAA7B4-990B-42BC-BF4F-843B5C7C18D4}.Release|Any CPU.ActiveCfg = Release|Any CPU
		{81AAA7B4-990B-42BC-BF4F-843B5C7C18D4}.Release|Any CPU.Build.0 = Release|Any CPU
	EndGlobalSection
	GlobalSection(SolutionProperties) = preSolution
		HideSolutionNode = FALSE
	EndGlobalSection
	GlobalSection(ExtensibilityGlobals) = postSolution
		SolutionGuid = {C6C9991F-0031-47BC-AD20-D21B8E4F8BFC}
	EndGlobalSection
EndGlobal
